
Microsoft Visual Studio Solution File, Format Version 12.00
# Visual Studio Version 16
VisualStudioVersion = 16.0.31911.196
MinimumVisualStudioVersion = 10.0.40219.1
Project("{FAE04EC0-301F-11D3-BF4B-00C04F79EFBC}") = "Library", "Library\Library.csproj", "{F3A03114-C607-4CD1-809B-79647AEB781A}"
EndProject
Global
	GlobalSection(SolutionConfigurationPlatforms) = preSolution
		Debug|Any CPU = Debug|Any CPU
		Release|Any CPU = Release|Any CPU
	EndGlobalSection
	GlobalSection(ProjectConfigurationPlatforms) = postSolution
		{F3A03114-C607-4CD1-809B-79647AEB781A}.Debug|Any CPU.ActiveCfg = Debug|Any CPU
		{F3A03114-C607-4CD1-809B-79647AEB781A}.Debug|Any CPU.Build.0 = Debug|Any CPU
		{F3A03114-C607-4CD1-809B-79647AEB781A}.Release|Any CPU.ActiveCfg = Release|Any CPU
		{F3A03114-C607-4CD1-809B-79647AEB781A}.Release|Any CPU.Build.0 = Release|Any CPU
	EndGlobalSection
	GlobalSection(SolutionProperties) = preSolution
		HideSolutionNode = FALSE
	EndGlobalSection
	GlobalSection(ExtensibilityGlobals) = postSolution
		SolutionGuid = {BAF35A63-F403-4ED4-B867-860DBF39A537}
	EndGlobalSection
EndGlobal
